<?xml version="1.0" encoding="UTF-8" standalone="yes" ?>
<CodeBlocks_project_file>
	<FileVersion major="1" minor="6" />
	<Project>
		<Option title="minesweeper" />
		<Option platforms="Windows;" />
		<Option pch_mode="2" />
		<Option compiler="gcc" />
		<Build>
			<Target title="Debug">
				<Option platforms="Windows;" />
				<Option output="codeblocks/mingw64_i686/bin/Debug/minesweeper" prefix_auto="1" extension_auto="1" />
				<Option object_output="codeblocks/mingw64_i686/obj/Debug/" />
				<Option type="1" />
				<Option compiler="gcc" />
				<Compiler>
					<Add option="-g" />
				</Compiler>
			</Target>
			<Target title="Release">
				<Option platforms="Windows;" />
				<Option output="codeblocks/mingw64_i686/bin/Release/minesweeper" prefix_auto="1" extension_auto="1" />
				<Option object_output="codeblocks/mingw64_i686/obj/Release/" />
				<Option type="1" />
				<Option compiler="gcc" />
				<Compiler>
					<Add option="-O2" />
				</Compiler>
				<Linker>
					<Add option="-s" />
					<Add option="-static" />
				</Linker>
			</Target>
		</Build>
		<Compiler>
			<Add option="-Wall" />
		</Compiler>
		<Unit filename="include/colors.hpp" />
		<Unit filename="include/common.hpp" />
		<Unit filename="include/debug.hpp" />
		<Unit filename="include/field.hpp" />
		<Unit filename="include/input.hpp" />
		<Unit filename="include/print.hpp" />
		<Unit filename="include/symbols.hpp" />
		<Unit filename="src/colors.cpp" />
		<Unit filename="src/common.cpp" />
		<Unit filename="src/field.cpp" />
		<Unit filename="src/input.cpp" />
		<Unit filename="src/main.cpp" />
		<Unit filename="src/print.cpp" />
		<Extensions />
	</Project>
</CodeBlocks_project_file>
